
Microsoft Visual Studio Solution File, Format Version 12.00
# Visual Studio Version 16
VisualStudioVersion = 16.0.30309.148
MinimumVisualStudioVersion = 10.0.40219.1
Project("{FAE04EC0-301F-11D3-BF4B-00C04F79EFBC}") = "SimpleTrader.Domain", "SimpleTrader.Domain\SimpleTrader.Domain.csproj", "{5671B895-E9DA-4E8B-AA90-8270FC74859F}"
EndProject
Project("{FAE04EC0-301F-11D3-BF4B-00C04F79EFBC}") = "SimpleTrader.EntityFramework", "SimpleTrader.EntityFramework\SimpleTrader.EntityFramework.csproj", "{F4CBD4BA-77D1-4B22-9096-0BA5EF7C76C6}"
EndProject
Global
	GlobalSection(SolutionConfigurationPlatforms) = preSolution
		Debug|Any CPU = Debug|Any CPU
		Release|Any CPU = Release|Any CPU
	EndGlobalSection
	GlobalSection(ProjectConfigurationPlatforms) = postSolution
		{5671B895-E9DA-4E8B-AA90-8270FC74859F}.Debug|Any CPU.ActiveCfg = Debug|Any CPU
		{5671B895-E9DA-4E8B-AA90-8270FC74859F}.Debug|Any CPU.Build.0 = Debug|Any CPU
		{5671B895-E9DA-4E8B-AA90-8270FC74859F}.Release|Any CPU.ActiveCfg = Release|Any CPU
		{5671B895-E9DA-4E8B-AA90-8270FC74859F}.Release|Any CPU.Build.0 = Release|Any CPU
		{F4CBD4BA-77D1-4B22-9096-0BA5EF7C76C6}.Debug|Any CPU.ActiveCfg = Debug|Any CPU
		{F4CBD4BA-77D1-4B22-9096-0BA5EF7C76C6}.Debug|Any CPU.Build.0 = Debug|Any CPU
		{F4CBD4BA-77D1-4B22-9096-0BA5EF7C76C6}.Release|Any CPU.ActiveCfg = Release|Any CPU
		{F4CBD4BA-77D1-4B22-9096-0BA5EF7C76C6}.Release|Any CPU.Build.0 = Release|Any CPU
	EndGlobalSection
	GlobalSection(SolutionProperties) = preSolution
		HideSolutionNode = FALSE
	EndGlobalSection
	GlobalSection(ExtensibilityGlobals) = postSolution
		SolutionGuid = {E655927F-1825-4ECE-9239-D2E07F243F2A}
	EndGlobalSection
EndGlobal
